
Microsoft Visual Studio Solution File, Format Version 12.00
# Visual Studio Version 17
VisualStudioVersion = 17.13.35931.197 d17.13
MinimumVisualStudioVersion = 10.0.40219.1
Project("{FAE04EC0-301F-11D3-BF4B-00C04F79EFBC}") = "ex015", "ex015.csproj", "{77DF82F8-1654-4F57-85C7-3C6337269077}"
EndProject
Global
	GlobalSection(SolutionConfigurationPlatforms) = preSolution
		Debug|Any CPU = Debug|Any CPU
		Release|Any CPU = Release|Any CPU
	EndGlobalSection
	GlobalSection(ProjectConfigurationPlatforms) = postSolution
		{77DF82F8-1654-4F57-85C7-3C6337269077}.Debug|Any CPU.ActiveCfg = Debug|Any CPU
		{77DF82F8-1654-4F57-85C7-3C6337269077}.Debug|Any CPU.Build.0 = Debug|Any CPU
		{77DF82F8-1654-4F57-85C7-3C6337269077}.Release|Any CPU.ActiveCfg = Release|Any CPU
		{77DF82F8-1654-4F57-85C7-3C6337269077}.Release|Any CPU.Build.0 = Release|Any CPU
	EndGlobalSection
	GlobalSection(SolutionProperties) = preSolution
		HideSolutionNode = FALSE
	EndGlobalSection
	GlobalSection(ExtensibilityGlobals) = postSolution
		SolutionGuid = {6B533BAC-4E16-43C1-B8F3-79F5DA522C5B}
	EndGlobalSection
EndGlobal
