
Microsoft Visual Studio Solution File, Format Version 12.00
# Visual Studio Version 17
VisualStudioVersion = 17.13.35913.81 d17.13
MinimumVisualStudioVersion = 10.0.40219.1
Project("{FAE04EC0-301F-11D3-BF4B-00C04F79EFBC}") = "ex012", "ex012.csproj", "{51E588D2-607A-4C99-B2DA-51FCB82B4CF5}"
EndProject
Global
	GlobalSection(SolutionConfigurationPlatforms) = preSolution
		Debug|Any CPU = Debug|Any CPU
		Release|Any CPU = Release|Any CPU
	EndGlobalSection
	GlobalSection(ProjectConfigurationPlatforms) = postSolution
		{51E588D2-607A-4C99-B2DA-51FCB82B4CF5}.Debug|Any CPU.ActiveCfg = Debug|Any CPU
		{51E588D2-607A-4C99-B2DA-51FCB82B4CF5}.Debug|Any CPU.Build.0 = Debug|Any CPU
		{51E588D2-607A-4C99-B2DA-51FCB82B4CF5}.Release|Any CPU.ActiveCfg = Release|Any CPU
		{51E588D2-607A-4C99-B2DA-51FCB82B4CF5}.Release|Any CPU.Build.0 = Release|Any CPU
	EndGlobalSection
	GlobalSection(SolutionProperties) = preSolution
		HideSolutionNode = FALSE
	EndGlobalSection
	GlobalSection(ExtensibilityGlobals) = postSolution
		SolutionGuid = {013BD3D9-4952-4EE1-B405-862EEB6BABB0}
	EndGlobalSection
EndGlobal
