
Microsoft Visual Studio Solution File, Format Version 12.00
# Visual Studio Version 17
VisualStudioVersion = 17.13.35913.81 d17.13
MinimumVisualStudioVersion = 10.0.40219.1
Project("{FAE04EC0-301F-11D3-BF4B-00C04F79EFBC}") = "ex004", "ex004.csproj", "{DCD8FE96-3B5C-4177-819C-3707ABC55A08}"
EndProject
Global
	GlobalSection(SolutionConfigurationPlatforms) = preSolution
		Debug|Any CPU = Debug|Any CPU
		Release|Any CPU = Release|Any CPU
	EndGlobalSection
	GlobalSection(ProjectConfigurationPlatforms) = postSolution
		{DCD8FE96-3B5C-4177-819C-3707ABC55A08}.Debug|Any CPU.ActiveCfg = Debug|Any CPU
		{DCD8FE96-3B5C-4177-819C-3707ABC55A08}.Debug|Any CPU.Build.0 = Debug|Any CPU
		{DCD8FE96-3B5C-4177-819C-3707ABC55A08}.Release|Any CPU.ActiveCfg = Release|Any CPU
		{DCD8FE96-3B5C-4177-819C-3707ABC55A08}.Release|Any CPU.Build.0 = Release|Any CPU
	EndGlobalSection
	GlobalSection(SolutionProperties) = preSolution
		HideSolutionNode = FALSE
	EndGlobalSection
	GlobalSection(ExtensibilityGlobals) = postSolution
		SolutionGuid = {EF2C9C9E-6220-49EE-BB13-AE2C09387313}
	EndGlobalSection
EndGlobal
